
Microsoft Visual Studio Solution File, Format Version 12.00
# Visual Studio 15
VisualStudioVersion = 15.0.26730.10
MinimumVisualStudioVersion = 10.0.40219.1
Project("{9A19103F-16F7-4668-BE54-9A1E7A4F7556}") = "CyclicRotation", "CyclicRotation\CyclicRotation.csproj", "{8DBF2465-59CA-4133-89B2-B0CA80F49617}"
EndProject
Project("{9A19103F-16F7-4668-BE54-9A1E7A4F7556}") = "FrogJmp", "FrogJmp\FrogJmp.csproj", "{0E60A4C5-9316-4DBD-A616-F4E0681C85B3}"
EndProject
Project("{9A19103F-16F7-4668-BE54-9A1E7A4F7556}") = "PermMissingElem", "PermMissingElem\PermMissingElem.csproj", "{E9389F57-3EF6-45D5-844C-821B2706EB01}"
EndProject
Project("{9A19103F-16F7-4668-BE54-9A1E7A4F7556}") = "TapeEquilibrium", "TapeEquilibrium\TapeEquilibrium.csproj", "{F0CCC969-1AE5-408C-A491-C962053EF5A0}"
EndProject
Project("{9A19103F-16F7-4668-BE54-9A1E7A4F7556}") = "PermCheck", "PermCheck\PermCheck.csproj", "{A42C0709-C921-4C82-B4EB-6BABE590DCE0}"
EndProject
Project("{9A19103F-16F7-4668-BE54-9A1E7A4F7556}") = "FrogRiverOne", "FrogRiverOne\FrogRiverOne.csproj", "{44EBCA07-61E9-4715-AAE8-332746479BCA}"
EndProject
Project("{9A19103F-16F7-4668-BE54-9A1E7A4F7556}") = "MissingInteger", "MissingInteger\MissingInteger.csproj", "{159E59AB-6AEE-4BAD-8250-EFFE5F4762FF}"
EndProject
Project("{9A19103F-16F7-4668-BE54-9A1E7A4F7556}") = "MaxCounters", "MaxCounters\MaxCounters.csproj", "{DA11C4AF-1871-442E-A41F-E17A4B753368}"
EndProject
Project("{9A19103F-16F7-4668-BE54-9A1E7A4F7556}") = "CountDiv", "CountDiv\CountDiv.csproj", "{1D2CF40F-314B-4A62-AB82-518C683FEB25}"
EndProject
Project("{9A19103F-16F7-4668-BE54-9A1E7A4F7556}") = "PassingCars", "PassingCars\PassingCars.csproj", "{C7108F43-EBEF-4FAB-B365-549D808D0B67}"
EndProject
Project("{9A19103F-16F7-4668-BE54-9A1E7A4F7556}") = "GenomicRangeQuery", "GenomicRangeQuery\GenomicRangeQuery.csproj", "{68B53299-C6EB-4533-B2BE-7DA609A681EA}"
EndProject
Project("{9A19103F-16F7-4668-BE54-9A1E7A4F7556}") = "MinAvgTwoSlice", "MinAvgTwoSlice\MinAvgTwoSlice.csproj", "{68C0F620-D25F-4F53-82C4-D6D8BB07C0FB}"
EndProject
Project("{9A19103F-16F7-4668-BE54-9A1E7A4F7556}") = "Triangle", "Triangle\Triangle.csproj", "{9C55980C-9BE9-44DE-B975-59D2CB8F3399}"
EndProject
Project("{9A19103F-16F7-4668-BE54-9A1E7A4F7556}") = "Distinct", "Distinct\Distinct.csproj", "{C37FB49F-64AD-4889-8B0D-7B65705B27D0}"
EndProject
Project("{9A19103F-16F7-4668-BE54-9A1E7A4F7556}") = "MaxProductOfThree", "MaxProductOfThree\MaxProductOfThree.csproj", "{BC049228-8070-49BC-92C9-C3A44E45E380}"
EndProject
Project("{9A19103F-16F7-4668-BE54-9A1E7A4F7556}") = "StacksQueuesCodility", "StacksQueuesCodility\StacksQueuesCodility.csproj", "{983CB1C5-28E2-4FB1-A148-B2D49A1D0882}"
EndProject
Project("{2150E333-8FDC-42A3-9474-1A3956D46DE8}") = "02. Arrays", "02. Arrays", "{DE9081E0-566E-495F-ABD4-58C70D3DEE15}"
EndProject
Project("{2150E333-8FDC-42A3-9474-1A3956D46DE8}") = "03. Time Complexity", "03. Time Complexity", "{79D5DE7E-628D-4217-8FAF-5BAA7E2D1114}"
EndProject
Project("{2150E333-8FDC-42A3-9474-1A3956D46DE8}") = "04. Counting Elements", "04. Counting Elements", "{C238044E-D161-4F9B-A534-343B640C2D78}"
EndProject
Project("{2150E333-8FDC-42A3-9474-1A3956D46DE8}") = "05. Prefix Sums", "05. Prefix Sums", "{D97E52CA-E6CD-44F6-B89A-0B606F6EF01B}"
EndProject
Project("{2150E333-8FDC-42A3-9474-1A3956D46DE8}") = "06. Sorting", "06. Sorting", "{3F81DC3F-09D9-4632-8FE0-F52C3A0DDFCD}"
EndProject
Project("{2150E333-8FDC-42A3-9474-1A3956D46DE8}") = "07. Stacks and Queues", "07. Stacks and Queues", "{772CFB2C-5D65-46B0-9748-9519FBBD2CBB}"
EndProject
Project("{2150E333-8FDC-42A3-9474-1A3956D46DE8}") = "01. Iterations", "01. Iterations", "{C76CE713-1126-448F-A73E-CD8A9BE5A510}"
EndProject
Project("{2150E333-8FDC-42A3-9474-1A3956D46DE8}") = "00. Solution Items", "00. Solution Items", "{DB91027E-B6B1-4813-96AB-51EC73F4D49C}"
	ProjectSection(SolutionItems) = preProject
		binarygap, oddoccurencesinarray and missing.txt = binarygap, oddoccurencesinarray and missing.txt
	EndProjectSection
EndProject
Project("{9A19103F-16F7-4668-BE54-9A1E7A4F7556}") = "Brackets", "Brackets\Brackets.csproj", "{99D99AD2-2D35-4D7D-B58D-8DC38725D131}"
EndProject
Project("{9A19103F-16F7-4668-BE54-9A1E7A4F7556}") = "Fish", "Fish\Fish.csproj", "{C070EF8F-969E-44A2-96F7-73785F56B743}"
EndProject
Project("{9A19103F-16F7-4668-BE54-9A1E7A4F7556}") = "Nesting", "Nesting\Nesting.csproj", "{F1857D19-E773-4ADC-A303-2C7F2F058B93}"
EndProject
Project("{2150E333-8FDC-42A3-9474-1A3956D46DE8}") = "08. Leader", "08. Leader", "{54F4D04C-BB78-44F8-8B24-3FADBF449DF4}"
EndProject
Project("{2150E333-8FDC-42A3-9474-1A3956D46DE8}") = "09. Maximum slice problem", "09. Maximum slice problem", "{43C98060-3EC9-4329-9DD4-915086F810CC}"
EndProject
Project("{2150E333-8FDC-42A3-9474-1A3956D46DE8}") = "10. Prime and composite numbers", "10. Prime and composite numbers", "{5B304D58-D562-4411-B0DD-C2679BE518AB}"
EndProject
Project("{2150E333-8FDC-42A3-9474-1A3956D46DE8}") = "11. Sieve of Eratosthenes", "11. Sieve of Eratosthenes", "{6765A544-DAB7-4719-8A8E-B64106D0D3DD}"
EndProject
Project("{2150E333-8FDC-42A3-9474-1A3956D46DE8}") = "12. Euclidean algorithm", "12. Euclidean algorithm", "{ED8AD712-7512-424C-A7EE-1F3FCD65F00B}"
EndProject
Project("{2150E333-8FDC-42A3-9474-1A3956D46DE8}") = "13. Fibonacci numbers", "13. Fibonacci numbers", "{99E36684-3547-45D9-951C-4D5C7AE90192}"
EndProject
Project("{2150E333-8FDC-42A3-9474-1A3956D46DE8}") = "14. Binary search algorithm", "14. Binary search algorithm", "{CCA75733-238F-4AB2-9BCD-B680B99059E5}"
EndProject
Project("{2150E333-8FDC-42A3-9474-1A3956D46DE8}") = "15. Caterpillar method", "15. Caterpillar method", "{DE2DC87E-2856-4C4F-B387-4D9808CED8DD}"
EndProject
Project("{2150E333-8FDC-42A3-9474-1A3956D46DE8}") = "16. Greedy algorithms", "16. Greedy algorithms", "{0622D8E6-6318-4EDD-9874-7078B200CAB2}"
EndProject
Project("{2150E333-8FDC-42A3-9474-1A3956D46DE8}") = "17. Dynamic programming", "17. Dynamic programming", "{3B64F771-4FA2-4D11-9142-9223E29940FF}"
EndProject
Project("{2150E333-8FDC-42A3-9474-1A3956D46DE8}") = "90. Tasks from Indeed Prime 2015 challenge", "90. Tasks from Indeed Prime 2015 challenge", "{EB83E85C-2463-4E19-B5E7-D4B33DC3336D}"
EndProject
Project("{2150E333-8FDC-42A3-9474-1A3956D46DE8}") = "91. Tasks from Indeed Prime 2016 challenge", "91. Tasks from Indeed Prime 2016 challenge", "{5074AD54-9D10-41FE-9E34-3BE3F53E52E7}"
EndProject
Project("{2150E333-8FDC-42A3-9474-1A3956D46DE8}") = "92. Tasks from Indeed Prime 2016 College Coders", "92. Tasks from Indeed Prime 2016 College Coders", "{CEA175B7-D4BF-433A-AB69-D0397BD0FCC6}"
EndProject
Project("{2150E333-8FDC-42A3-9474-1A3956D46DE8}") = "99. Future training", "99. Future training", "{2EF49343-1F65-4E32-8588-83CD7EC494D9}"
EndProject
Project("{9A19103F-16F7-4668-BE54-9A1E7A4F7556}") = "Dominator", "Dominator\Dominator.csproj", "{45DABA3B-DCBB-4E29-8668-F966EDAD8CCE}"
EndProject
Project("{9A19103F-16F7-4668-BE54-9A1E7A4F7556}") = "Leader", "Leader\Leader.csproj", "{6BD2618C-70B9-41AC-91E1-BF27146D9F67}"
EndProject
Project("{9A19103F-16F7-4668-BE54-9A1E7A4F7556}") = "EquiLeader", "EquiLeader\EquiLeader.csproj", "{F12E18D7-0B38-4225-BF22-7EA0DE40CFBE}"
EndProject
Project("{9A19103F-16F7-4668-BE54-9A1E7A4F7556}") = "MaxProfit", "MaxProfit\MaxProfit.csproj", "{011DD5EC-0D53-40B9-B31C-428BA16DA05E}"
EndProject
Project("{9A19103F-16F7-4668-BE54-9A1E7A4F7556}") = "MaxDoubleSliceSum", "MaxDoubleSliceSum\MaxDoubleSliceSum.csproj", "{F11244A4-D86C-42E7-BDAF-DFDC1A9365C5}"
EndProject
Project("{9A19103F-16F7-4668-BE54-9A1E7A4F7556}") = "MaxSliceSum", "MaxSliceSum\MaxSliceSum.csproj", "{29893926-5727-4C67-B6FF-72399E370022}"
EndProject
Project("{9A19103F-16F7-4668-BE54-9A1E7A4F7556}") = "MaximumSliceProblem", "MaximumSliceProblem\MaximumSliceProblem.csproj", "{1D7F7777-E861-4BB8-AA64-A9E9B93E1156}"
EndProject
Project("{9A19103F-16F7-4668-BE54-9A1E7A4F7556}") = "CountNumberOfDivisors", "CountNumberOfDivisords\CountNumberOfDivisors.csproj", "{22DF029B-8F0D-4177-AA25-416C0EDF0E45}"
EndProject
Project("{9A19103F-16F7-4668-BE54-9A1E7A4F7556}") = "MinPerimeterRectangle", "MinPerimeterRectangle\MinPerimeterRectangle.csproj", "{550736A9-022E-4A57-9C8C-8C59B55EB468}"
EndProject
Project("{9A19103F-16F7-4668-BE54-9A1E7A4F7556}") = "CountFactors", "CountFactors\CountFactors.csproj", "{0BC51BE5-220A-4F84-A2A6-090D5ED5E8C4}"
EndProject
Project("{9A19103F-16F7-4668-BE54-9A1E7A4F7556}") = "SieveOfEratosthenes", "SieveOfEratosthenes\SieveOfEratosthenes.csproj", "{0DF52E60-2D8A-4C32-A90F-F20A3128CF94}"
EndProject
Project("{9A19103F-16F7-4668-BE54-9A1E7A4F7556}") = "EuclideanAlgorithm", "EuclideanAlgorithm\EuclideanAlgorithm.csproj", "{0A1FE5A4-5AA0-4B67-85ED-AC5D24E7D0D0}"
EndProject
Project("{9A19103F-16F7-4668-BE54-9A1E7A4F7556}") = "CountSemiprimes", "CountSemiprimes\CountSemiprimes.csproj", "{49E151F2-8099-4855-B374-5EE09A24F1A2}"
EndProject
Project("{9A19103F-16F7-4668-BE54-9A1E7A4F7556}") = "CountNonDivisible", "CountNonDivisible\CountNonDivisible.csproj", "{25C5FBD5-F5B3-4A42-AEB2-7A042544FDD2}"
EndProject
Project("{9A19103F-16F7-4668-BE54-9A1E7A4F7556}") = "ChocolatesByNumbers", "ChocolatesByNumbers\ChocolatesByNumbers.csproj", "{76A140A2-ED30-409E-9E2F-B5278DC4E9FB}"
EndProject
Project("{9A19103F-16F7-4668-BE54-9A1E7A4F7556}") = "CommonPrimeDivisors", "CommonPrimeDivisors\CommonPrimeDivisors.csproj", "{8B908FE9-ECF5-4C3B-875B-11211C81F957}"
EndProject
Project("{9A19103F-16F7-4668-BE54-9A1E7A4F7556}") = "NumberOfDiscIntersections", "NumberOfDiscIntersections\NumberOfDiscIntersections.csproj", "{64168748-BF43-482E-9460-D35395EC354F}"
EndProject
Project("{9A19103F-16F7-4668-BE54-9A1E7A4F7556}") = "StoneWall", "StoneWall\StoneWall.csproj", "{60D6E178-0E10-4446-A925-5DE89F2B6210}"
EndProject
Project("{9A19103F-16F7-4668-BE54-9A1E7A4F7556}") = "Flags", "Flags\Flags.csproj", "{155CB278-7E42-44A4-9345-C4B1A975CD3A}"
EndProject
Project("{9A19103F-16F7-4668-BE54-9A1E7A4F7556}") = "Peaks", "Pekas\Peaks.csproj", "{5DCC0F93-C5D6-43FC-BA4A-77CA90F6CD8F}"
EndProject
Project("{9A19103F-16F7-4668-BE54-9A1E7A4F7556}") = "FibonacciNumbers", "FibonacciNumbers\FibonacciNumbers.csproj", "{6EC2E18E-B002-4FC6-A3FD-D2BA15F8956D}"
EndProject
Project("{9A19103F-16F7-4668-BE54-9A1E7A4F7556}") = "Ladder", "Ladder\Ladder.csproj", "{0125628C-B4EE-4119-9E2C-D898044CC4F9}"
EndProject
Project("{9A19103F-16F7-4668-BE54-9A1E7A4F7556}") = "CatterpillarMethod", "CatterpillarMethod\CatterpillarMethod.csproj", "{DEE73B95-4BA4-4C1A-AEA8-EC68228C45FC}"
EndProject
Project("{9A19103F-16F7-4668-BE54-9A1E7A4F7556}") = "AbsDistinct", "AbsDistinct\AbsDistinct.csproj", "{B08420C6-9A21-4894-A355-018836F548F9}"
EndProject
Project("{9A19103F-16F7-4668-BE54-9A1E7A4F7556}") = "CountTriangles", "CountTriangles\CountTriangles.csproj", "{F5FAD546-9B06-4B8F-9D23-E125B7B8B2BC}"
EndProject
Project("{9A19103F-16F7-4668-BE54-9A1E7A4F7556}") = "CountDistinctSlices", "CountDistinctSlices\CountDistinctSlices.csproj", "{5BCA650E-66A3-4A38-B443-FBF734D40771}"
EndProject
Project("{9A19103F-16F7-4668-BE54-9A1E7A4F7556}") = "BinaryGap", "BinaryGap\BinaryGap.csproj", "{C07B6ADC-241D-47CA-8A15-23D275D7DFA8}"
EndProject
Project("{9A19103F-16F7-4668-BE54-9A1E7A4F7556}") = "OddOccurrencesInArray", "OddOccurrencesInArray\OddOccurrencesInArray.csproj", "{76D9D0B6-E0FC-420E-92B8-D2B67A7640C5}"
EndProject
Project("{9A19103F-16F7-4668-BE54-9A1E7A4F7556}") = "MaxNonoverlappingSegments", "MaxNonoverlappingSegments\MaxNonoverlappingSegments.csproj", "{44032AE8-E156-4997-86E4-BBA970F44874}"
EndProject
Project("{9A19103F-16F7-4668-BE54-9A1E7A4F7556}") = "TieRopes", "TieRopes\TieRopes.csproj", "{70194E59-AE79-40AD-BC1D-8EE0990EA392}"
EndProject
Project("{9A19103F-16F7-4668-BE54-9A1E7A4F7556}") = "CoinChangingProblem", "CoinChangingProblem\CoinChangingProblem.csproj", "{7B71B48A-06F8-41CD-8BBC-890834D93EF1}"
EndProject
Project("{9A19103F-16F7-4668-BE54-9A1E7A4F7556}") = "FibFrog", "FibFrog\FibFrog.csproj", "{30A41097-542F-4B89-8234-890F6541B94A}"
EndProject
Project("{9A19103F-16F7-4668-BE54-9A1E7A4F7556}") = "BinarySearchAlgorithm", "BinarySearchAlgorithm\BinarySearchAlgorithm.csproj", "{B6D1961D-C55B-473B-B405-26D50145394B}"
EndProject
Project("{9A19103F-16F7-4668-BE54-9A1E7A4F7556}") = "MinMaxDivision", "MinMaxDivision\MinMaxDivision.csproj", "{DE5A425B-9A12-4882-A0D9-C3243E4989A7}"
EndProject
Project("{9A19103F-16F7-4668-BE54-9A1E7A4F7556}") = "NailingPlanks", "NailingPlanks\NailingPlanks.csproj", "{90D0390D-877F-4F43-8690-23AEF5A97449}"
EndProject
Project("{FAE04EC0-301F-11D3-BF4B-00C04F79EFBC}") = "MinAbsSumOfTwo", "MinAbsSumOfTwo\MinAbsSumOfTwo.csproj", "{91613992-BE85-4CC1-8507-5133B5902AB3}"
EndProject
Project("{FAE04EC0-301F-11D3-BF4B-00C04F79EFBC}") = "MinAbsSum", "MinAbsSum\MinAbsSum.csproj", "{0188FD1B-16E7-4F7E-9095-F65CC4A52515}"
EndProject
Project("{FAE04EC0-301F-11D3-BF4B-00C04F79EFBC}") = "NumberSolitaire", "NumberSolitaire\NumberSolitaire.csproj", "{691B81AC-CF77-496C-87CB-D49027397D91}"
EndProject
Global
	GlobalSection(SolutionConfigurationPlatforms) = preSolution
		Debug|Any CPU = Debug|Any CPU
		Release|Any CPU = Release|Any CPU
	EndGlobalSection
	GlobalSection(ProjectConfigurationPlatforms) = postSolution
		{8DBF2465-59CA-4133-89B2-B0CA80F49617}.Debug|Any CPU.ActiveCfg = Debug|Any CPU
		{8DBF2465-59CA-4133-89B2-B0CA80F49617}.Debug|Any CPU.Build.0 = Debug|Any CPU
		{8DBF2465-59CA-4133-89B2-B0CA80F49617}.Release|Any CPU.ActiveCfg = Release|Any CPU
		{8DBF2465-59CA-4133-89B2-B0CA80F49617}.Release|Any CPU.Build.0 = Release|Any CPU
		{0E60A4C5-9316-4DBD-A616-F4E0681C85B3}.Debug|Any CPU.ActiveCfg = Debug|Any CPU
		{0E60A4C5-9316-4DBD-A616-F4E0681C85B3}.Debug|Any CPU.Build.0 = Debug|Any CPU
		{0E60A4C5-9316-4DBD-A616-F4E0681C85B3}.Release|Any CPU.ActiveCfg = Release|Any CPU
		{0E60A4C5-9316-4DBD-A616-F4E0681C85B3}.Release|Any CPU.Build.0 = Release|Any CPU
		{E9389F57-3EF6-45D5-844C-821B2706EB01}.Debug|Any CPU.ActiveCfg = Debug|Any CPU
		{E9389F57-3EF6-45D5-844C-821B2706EB01}.Debug|Any CPU.Build.0 = Debug|Any CPU
		{E9389F57-3EF6-45D5-844C-821B2706EB01}.Release|Any CPU.ActiveCfg = Release|Any CPU
		{E9389F57-3EF6-45D5-844C-821B2706EB01}.Release|Any CPU.Build.0 = Release|Any CPU
		{F0CCC969-1AE5-408C-A491-C962053EF5A0}.Debug|Any CPU.ActiveCfg = Debug|Any CPU
		{F0CCC969-1AE5-408C-A491-C962053EF5A0}.Debug|Any CPU.Build.0 = Debug|Any CPU
		{F0CCC969-1AE5-408C-A491-C962053EF5A0}.Release|Any CPU.ActiveCfg = Release|Any CPU
		{F0CCC969-1AE5-408C-A491-C962053EF5A0}.Release|Any CPU.Build.0 = Release|Any CPU
		{A42C0709-C921-4C82-B4EB-6BABE590DCE0}.Debug|Any CPU.ActiveCfg = Debug|Any CPU
		{A42C0709-C921-4C82-B4EB-6BABE590DCE0}.Debug|Any CPU.Build.0 = Debug|Any CPU
		{A42C0709-C921-4C82-B4EB-6BABE590DCE0}.Release|Any CPU.ActiveCfg = Release|Any CPU
		{A42C0709-C921-4C82-B4EB-6BABE590DCE0}.Release|Any CPU.Build.0 = Release|Any CPU
		{44EBCA07-61E9-4715-AAE8-332746479BCA}.Debug|Any CPU.ActiveCfg = Debug|Any CPU
		{44EBCA07-61E9-4715-AAE8-332746479BCA}.Debug|Any CPU.Build.0 = Debug|Any CPU
		{44EBCA07-61E9-4715-AAE8-332746479BCA}.Release|Any CPU.ActiveCfg = Release|Any CPU
		{44EBCA07-61E9-4715-AAE8-332746479BCA}.Release|Any CPU.Build.0 = Release|Any CPU
		{159E59AB-6AEE-4BAD-8250-EFFE5F4762FF}.Debug|Any CPU.ActiveCfg = Debug|Any CPU
		{159E59AB-6AEE-4BAD-8250-EFFE5F4762FF}.Debug|Any CPU.Build.0 = Debug|Any CPU
		{159E59AB-6AEE-4BAD-8250-EFFE5F4762FF}.Release|Any CPU.ActiveCfg = Release|Any CPU
		{159E59AB-6AEE-4BAD-8250-EFFE5F4762FF}.Release|Any CPU.Build.0 = Release|Any CPU
		{DA11C4AF-1871-442E-A41F-E17A4B753368}.Debug|Any CPU.ActiveCfg = Debug|Any CPU
		{DA11C4AF-1871-442E-A41F-E17A4B753368}.Debug|Any CPU.Build.0 = Debug|Any CPU
		{DA11C4AF-1871-442E-A41F-E17A4B753368}.Release|Any CPU.ActiveCfg = Release|Any CPU
		{DA11C4AF-1871-442E-A41F-E17A4B753368}.Release|Any CPU.Build.0 = Release|Any CPU
		{1D2CF40F-314B-4A62-AB82-518C683FEB25}.Debug|Any CPU.ActiveCfg = Debug|Any CPU
		{1D2CF40F-314B-4A62-AB82-518C683FEB25}.Debug|Any CPU.Build.0 = Debug|Any CPU
		{1D2CF40F-314B-4A62-AB82-518C683FEB25}.Release|Any CPU.ActiveCfg = Release|Any CPU
		{1D2CF40F-314B-4A62-AB82-518C683FEB25}.Release|Any CPU.Build.0 = Release|Any CPU
		{C7108F43-EBEF-4FAB-B365-549D808D0B67}.Debug|Any CPU.ActiveCfg = Debug|Any CPU
		{C7108F43-EBEF-4FAB-B365-549D808D0B67}.Debug|Any CPU.Build.0 = Debug|Any CPU
		{C7108F43-EBEF-4FAB-B365-549D808D0B67}.Release|Any CPU.ActiveCfg = Release|Any CPU
		{C7108F43-EBEF-4FAB-B365-549D808D0B67}.Release|Any CPU.Build.0 = Release|Any CPU
		{68B53299-C6EB-4533-B2BE-7DA609A681EA}.Debug|Any CPU.ActiveCfg = Debug|Any CPU
		{68B53299-C6EB-4533-B2BE-7DA609A681EA}.Debug|Any CPU.Build.0 = Debug|Any CPU
		{68B53299-C6EB-4533-B2BE-7DA609A681EA}.Release|Any CPU.ActiveCfg = Release|Any CPU
		{68B53299-C6EB-4533-B2BE-7DA609A681EA}.Release|Any CPU.Build.0 = Release|Any CPU
		{68C0F620-D25F-4F53-82C4-D6D8BB07C0FB}.Debug|Any CPU.ActiveCfg = Debug|Any CPU
		{68C0F620-D25F-4F53-82C4-D6D8BB07C0FB}.Debug|Any CPU.Build.0 = Debug|Any CPU
		{68C0F620-D25F-4F53-82C4-D6D8BB07C0FB}.Release|Any CPU.ActiveCfg = Release|Any CPU
		{68C0F620-D25F-4F53-82C4-D6D8BB07C0FB}.Release|Any CPU.Build.0 = Release|Any CPU
		{9C55980C-9BE9-44DE-B975-59D2CB8F3399}.Debug|Any CPU.ActiveCfg = Debug|Any CPU
		{9C55980C-9BE9-44DE-B975-59D2CB8F3399}.Debug|Any CPU.Build.0 = Debug|Any CPU
		{9C55980C-9BE9-44DE-B975-59D2CB8F3399}.Release|Any CPU.ActiveCfg = Release|Any CPU
		{9C55980C-9BE9-44DE-B975-59D2CB8F3399}.Release|Any CPU.Build.0 = Release|Any CPU
		{C37FB49F-64AD-4889-8B0D-7B65705B27D0}.Debug|Any CPU.ActiveCfg = Debug|Any CPU
		{C37FB49F-64AD-4889-8B0D-7B65705B27D0}.Debug|Any CPU.Build.0 = Debug|Any CPU
		{C37FB49F-64AD-4889-8B0D-7B65705B27D0}.Release|Any CPU.ActiveCfg = Release|Any CPU
		{C37FB49F-64AD-4889-8B0D-7B65705B27D0}.Release|Any CPU.Build.0 = Release|Any CPU
		{BC049228-8070-49BC-92C9-C3A44E45E380}.Debug|Any CPU.ActiveCfg = Debug|Any CPU
		{BC049228-8070-49BC-92C9-C3A44E45E380}.Debug|Any CPU.Build.0 = Debug|Any CPU
		{BC049228-8070-49BC-92C9-C3A44E45E380}.Release|Any CPU.ActiveCfg = Release|Any CPU
		{BC049228-8070-49BC-92C9-C3A44E45E380}.Release|Any CPU.Build.0 = Release|Any CPU
		{983CB1C5-28E2-4FB1-A148-B2D49A1D0882}.Debug|Any CPU.ActiveCfg = Debug|Any CPU
		{983CB1C5-28E2-4FB1-A148-B2D49A1D0882}.Debug|Any CPU.Build.0 = Debug|Any CPU
		{983CB1C5-28E2-4FB1-A148-B2D49A1D0882}.Release|Any CPU.ActiveCfg = Release|Any CPU
		{983CB1C5-28E2-4FB1-A148-B2D49A1D0882}.Release|Any CPU.Build.0 = Release|Any CPU
		{99D99AD2-2D35-4D7D-B58D-8DC38725D131}.Debug|Any CPU.ActiveCfg = Debug|Any CPU
		{99D99AD2-2D35-4D7D-B58D-8DC38725D131}.Debug|Any CPU.Build.0 = Debug|Any CPU
		{99D99AD2-2D35-4D7D-B58D-8DC38725D131}.Release|Any CPU.ActiveCfg = Release|Any CPU
		{99D99AD2-2D35-4D7D-B58D-8DC38725D131}.Release|Any CPU.Build.0 = Release|Any CPU
		{C070EF8F-969E-44A2-96F7-73785F56B743}.Debug|Any CPU.ActiveCfg = Debug|Any CPU
		{C070EF8F-969E-44A2-96F7-73785F56B743}.Debug|Any CPU.Build.0 = Debug|Any CPU
		{C070EF8F-969E-44A2-96F7-73785F56B743}.Release|Any CPU.ActiveCfg = Release|Any CPU
		{C070EF8F-969E-44A2-96F7-73785F56B743}.Release|Any CPU.Build.0 = Release|Any CPU
		{F1857D19-E773-4ADC-A303-2C7F2F058B93}.Debug|Any CPU.ActiveCfg = Debug|Any CPU
		{F1857D19-E773-4ADC-A303-2C7F2F058B93}.Debug|Any CPU.Build.0 = Debug|Any CPU
		{F1857D19-E773-4ADC-A303-2C7F2F058B93}.Release|Any CPU.ActiveCfg = Release|Any CPU
		{F1857D19-E773-4ADC-A303-2C7F2F058B93}.Release|Any CPU.Build.0 = Release|Any CPU
		{45DABA3B-DCBB-4E29-8668-F966EDAD8CCE}.Debug|Any CPU.ActiveCfg = Debug|Any CPU
		{45DABA3B-DCBB-4E29-8668-F966EDAD8CCE}.Debug|Any CPU.Build.0 = Debug|Any CPU
		{45DABA3B-DCBB-4E29-8668-F966EDAD8CCE}.Release|Any CPU.ActiveCfg = Release|Any CPU
		{45DABA3B-DCBB-4E29-8668-F966EDAD8CCE}.Release|Any CPU.Build.0 = Release|Any CPU
		{6BD2618C-70B9-41AC-91E1-BF27146D9F67}.Debug|Any CPU.ActiveCfg = Debug|Any CPU
		{6BD2618C-70B9-41AC-91E1-BF27146D9F67}.Debug|Any CPU.Build.0 = Debug|Any CPU
		{6BD2618C-70B9-41AC-91E1-BF27146D9F67}.Release|Any CPU.ActiveCfg = Release|Any CPU
		{6BD2618C-70B9-41AC-91E1-BF27146D9F67}.Release|Any CPU.Build.0 = Release|Any CPU
		{F12E18D7-0B38-4225-BF22-7EA0DE40CFBE}.Debug|Any CPU.ActiveCfg = Debug|Any CPU
		{F12E18D7-0B38-4225-BF22-7EA0DE40CFBE}.Debug|Any CPU.Build.0 = Debug|Any CPU
		{F12E18D7-0B38-4225-BF22-7EA0DE40CFBE}.Release|Any CPU.ActiveCfg = Release|Any CPU
		{F12E18D7-0B38-4225-BF22-7EA0DE40CFBE}.Release|Any CPU.Build.0 = Release|Any CPU
		{011DD5EC-0D53-40B9-B31C-428BA16DA05E}.Debug|Any CPU.ActiveCfg = Debug|Any CPU
		{011DD5EC-0D53-40B9-B31C-428BA16DA05E}.Debug|Any CPU.Build.0 = Debug|Any CPU
		{011DD5EC-0D53-40B9-B31C-428BA16DA05E}.Release|Any CPU.ActiveCfg = Release|Any CPU
		{011DD5EC-0D53-40B9-B31C-428BA16DA05E}.Release|Any CPU.Build.0 = Release|Any CPU
		{F11244A4-D86C-42E7-BDAF-DFDC1A9365C5}.Debug|Any CPU.ActiveCfg = Debug|Any CPU
		{F11244A4-D86C-42E7-BDAF-DFDC1A9365C5}.Debug|Any CPU.Build.0 = Debug|Any CPU
		{F11244A4-D86C-42E7-BDAF-DFDC1A9365C5}.Release|Any CPU.ActiveCfg = Release|Any CPU
		{F11244A4-D86C-42E7-BDAF-DFDC1A9365C5}.Release|Any CPU.Build.0 = Release|Any CPU
		{29893926-5727-4C67-B6FF-72399E370022}.Debug|Any CPU.ActiveCfg = Debug|Any CPU
		{29893926-5727-4C67-B6FF-72399E370022}.Debug|Any CPU.Build.0 = Debug|Any CPU
		{29893926-5727-4C67-B6FF-72399E370022}.Release|Any CPU.ActiveCfg = Release|Any CPU
		{29893926-5727-4C67-B6FF-72399E370022}.Release|Any CPU.Build.0 = Release|Any CPU
		{1D7F7777-E861-4BB8-AA64-A9E9B93E1156}.Debug|Any CPU.ActiveCfg = Debug|Any CPU
		{1D7F7777-E861-4BB8-AA64-A9E9B93E1156}.Debug|Any CPU.Build.0 = Debug|Any CPU
		{1D7F7777-E861-4BB8-AA64-A9E9B93E1156}.Release|Any CPU.ActiveCfg = Release|Any CPU
		{1D7F7777-E861-4BB8-AA64-A9E9B93E1156}.Release|Any CPU.Build.0 = Release|Any CPU
		{22DF029B-8F0D-4177-AA25-416C0EDF0E45}.Debug|Any CPU.ActiveCfg = Debug|Any CPU
		{22DF029B-8F0D-4177-AA25-416C0EDF0E45}.Debug|Any CPU.Build.0 = Debug|Any CPU
		{22DF029B-8F0D-4177-AA25-416C0EDF0E45}.Release|Any CPU.ActiveCfg = Release|Any CPU
		{22DF029B-8F0D-4177-AA25-416C0EDF0E45}.Release|Any CPU.Build.0 = Release|Any CPU
		{550736A9-022E-4A57-9C8C-8C59B55EB468}.Debug|Any CPU.ActiveCfg = Debug|Any CPU
		{550736A9-022E-4A57-9C8C-8C59B55EB468}.Debug|Any CPU.Build.0 = Debug|Any CPU
		{550736A9-022E-4A57-9C8C-8C59B55EB468}.Release|Any CPU.ActiveCfg = Release|Any CPU
		{550736A9-022E-4A57-9C8C-8C59B55EB468}.Release|Any CPU.Build.0 = Release|Any CPU
		{0BC51BE5-220A-4F84-A2A6-090D5ED5E8C4}.Debug|Any CPU.ActiveCfg = Debug|Any CPU
		{0BC51BE5-220A-4F84-A2A6-090D5ED5E8C4}.Debug|Any CPU.Build.0 = Debug|Any CPU
		{0BC51BE5-220A-4F84-A2A6-090D5ED5E8C4}.Release|Any CPU.ActiveCfg = Release|Any CPU
		{0BC51BE5-220A-4F84-A2A6-090D5ED5E8C4}.Release|Any CPU.Build.0 = Release|Any CPU
		{0DF52E60-2D8A-4C32-A90F-F20A3128CF94}.Debug|Any CPU.ActiveCfg = Debug|Any CPU
		{0DF52E60-2D8A-4C32-A90F-F20A3128CF94}.Debug|Any CPU.Build.0 = Debug|Any CPU
		{0DF52E60-2D8A-4C32-A90F-F20A3128CF94}.Release|Any CPU.ActiveCfg = Release|Any CPU
		{0DF52E60-2D8A-4C32-A90F-F20A3128CF94}.Release|Any CPU.Build.0 = Release|Any CPU
		{0A1FE5A4-5AA0-4B67-85ED-AC5D24E7D0D0}.Debug|Any CPU.ActiveCfg = Debug|Any CPU
		{0A1FE5A4-5AA0-4B67-85ED-AC5D24E7D0D0}.Debug|Any CPU.Build.0 = Debug|Any CPU
		{0A1FE5A4-5AA0-4B67-85ED-AC5D24E7D0D0}.Release|Any CPU.ActiveCfg = Release|Any CPU
		{0A1FE5A4-5AA0-4B67-85ED-AC5D24E7D0D0}.Release|Any CPU.Build.0 = Release|Any CPU
		{49E151F2-8099-4855-B374-5EE09A24F1A2}.Debug|Any CPU.ActiveCfg = Debug|Any CPU
		{49E151F2-8099-4855-B374-5EE09A24F1A2}.Debug|Any CPU.Build.0 = Debug|Any CPU
		{49E151F2-8099-4855-B374-5EE09A24F1A2}.Release|Any CPU.ActiveCfg = Release|Any CPU
		{49E151F2-8099-4855-B374-5EE09A24F1A2}.Release|Any CPU.Build.0 = Release|Any CPU
		{25C5FBD5-F5B3-4A42-AEB2-7A042544FDD2}.Debug|Any CPU.ActiveCfg = Debug|Any CPU
		{25C5FBD5-F5B3-4A42-AEB2-7A042544FDD2}.Debug|Any CPU.Build.0 = Debug|Any CPU
		{25C5FBD5-F5B3-4A42-AEB2-7A042544FDD2}.Release|Any CPU.ActiveCfg = Release|Any CPU
		{25C5FBD5-F5B3-4A42-AEB2-7A042544FDD2}.Release|Any CPU.Build.0 = Release|Any CPU
		{76A140A2-ED30-409E-9E2F-B5278DC4E9FB}.Debug|Any CPU.ActiveCfg = Debug|Any CPU
		{76A140A2-ED30-409E-9E2F-B5278DC4E9FB}.Debug|Any CPU.Build.0 = Debug|Any CPU
		{76A140A2-ED30-409E-9E2F-B5278DC4E9FB}.Release|Any CPU.ActiveCfg = Release|Any CPU
		{76A140A2-ED30-409E-9E2F-B5278DC4E9FB}.Release|Any CPU.Build.0 = Release|Any CPU
		{8B908FE9-ECF5-4C3B-875B-11211C81F957}.Debug|Any CPU.ActiveCfg = Debug|Any CPU
		{8B908FE9-ECF5-4C3B-875B-11211C81F957}.Debug|Any CPU.Build.0 = Debug|Any CPU
		{8B908FE9-ECF5-4C3B-875B-11211C81F957}.Release|Any CPU.ActiveCfg = Release|Any CPU
		{8B908FE9-ECF5-4C3B-875B-11211C81F957}.Release|Any CPU.Build.0 = Release|Any CPU
		{64168748-BF43-482E-9460-D35395EC354F}.Debug|Any CPU.ActiveCfg = Debug|Any CPU
		{64168748-BF43-482E-9460-D35395EC354F}.Debug|Any CPU.Build.0 = Debug|Any CPU
		{64168748-BF43-482E-9460-D35395EC354F}.Release|Any CPU.ActiveCfg = Release|Any CPU
		{64168748-BF43-482E-9460-D35395EC354F}.Release|Any CPU.Build.0 = Release|Any CPU
		{60D6E178-0E10-4446-A925-5DE89F2B6210}.Debug|Any CPU.ActiveCfg = Debug|Any CPU
		{60D6E178-0E10-4446-A925-5DE89F2B6210}.Debug|Any CPU.Build.0 = Debug|Any CPU
		{60D6E178-0E10-4446-A925-5DE89F2B6210}.Release|Any CPU.ActiveCfg = Release|Any CPU
		{60D6E178-0E10-4446-A925-5DE89F2B6210}.Release|Any CPU.Build.0 = Release|Any CPU
		{155CB278-7E42-44A4-9345-C4B1A975CD3A}.Debug|Any CPU.ActiveCfg = Debug|Any CPU
		{155CB278-7E42-44A4-9345-C4B1A975CD3A}.Debug|Any CPU.Build.0 = Debug|Any CPU
		{155CB278-7E42-44A4-9345-C4B1A975CD3A}.Release|Any CPU.ActiveCfg = Release|Any CPU
		{155CB278-7E42-44A4-9345-C4B1A975CD3A}.Release|Any CPU.Build.0 = Release|Any CPU
		{5DCC0F93-C5D6-43FC-BA4A-77CA90F6CD8F}.Debug|Any CPU.ActiveCfg = Debug|Any CPU
		{5DCC0F93-C5D6-43FC-BA4A-77CA90F6CD8F}.Debug|Any CPU.Build.0 = Debug|Any CPU
		{5DCC0F93-C5D6-43FC-BA4A-77CA90F6CD8F}.Release|Any CPU.ActiveCfg = Release|Any CPU
		{5DCC0F93-C5D6-43FC-BA4A-77CA90F6CD8F}.Release|Any CPU.Build.0 = Release|Any CPU
		{6EC2E18E-B002-4FC6-A3FD-D2BA15F8956D}.Debug|Any CPU.ActiveCfg = Debug|Any CPU
		{6EC2E18E-B002-4FC6-A3FD-D2BA15F8956D}.Debug|Any CPU.Build.0 = Debug|Any CPU
		{6EC2E18E-B002-4FC6-A3FD-D2BA15F8956D}.Release|Any CPU.ActiveCfg = Release|Any CPU
		{6EC2E18E-B002-4FC6-A3FD-D2BA15F8956D}.Release|Any CPU.Build.0 = Release|Any CPU
		{0125628C-B4EE-4119-9E2C-D898044CC4F9}.Debug|Any CPU.ActiveCfg = Debug|Any CPU
		{0125628C-B4EE-4119-9E2C-D898044CC4F9}.Debug|Any CPU.Build.0 = Debug|Any CPU
		{0125628C-B4EE-4119-9E2C-D898044CC4F9}.Release|Any CPU.ActiveCfg = Release|Any CPU
		{0125628C-B4EE-4119-9E2C-D898044CC4F9}.Release|Any CPU.Build.0 = Release|Any CPU
		{DEE73B95-4BA4-4C1A-AEA8-EC68228C45FC}.Debug|Any CPU.ActiveCfg = Debug|Any CPU
		{DEE73B95-4BA4-4C1A-AEA8-EC68228C45FC}.Debug|Any CPU.Build.0 = Debug|Any CPU
		{DEE73B95-4BA4-4C1A-AEA8-EC68228C45FC}.Release|Any CPU.ActiveCfg = Release|Any CPU
		{DEE73B95-4BA4-4C1A-AEA8-EC68228C45FC}.Release|Any CPU.Build.0 = Release|Any CPU
		{B08420C6-9A21-4894-A355-018836F548F9}.Debug|Any CPU.ActiveCfg = Debug|Any CPU
		{B08420C6-9A21-4894-A355-018836F548F9}.Debug|Any CPU.Build.0 = Debug|Any CPU
		{B08420C6-9A21-4894-A355-018836F548F9}.Release|Any CPU.ActiveCfg = Release|Any CPU
		{B08420C6-9A21-4894-A355-018836F548F9}.Release|Any CPU.Build.0 = Release|Any CPU
		{F5FAD546-9B06-4B8F-9D23-E125B7B8B2BC}.Debug|Any CPU.ActiveCfg = Debug|Any CPU
		{F5FAD546-9B06-4B8F-9D23-E125B7B8B2BC}.Debug|Any CPU.Build.0 = Debug|Any CPU
		{F5FAD546-9B06-4B8F-9D23-E125B7B8B2BC}.Release|Any CPU.ActiveCfg = Release|Any CPU
		{F5FAD546-9B06-4B8F-9D23-E125B7B8B2BC}.Release|Any CPU.Build.0 = Release|Any CPU
		{5BCA650E-66A3-4A38-B443-FBF734D40771}.Debug|Any CPU.ActiveCfg = Debug|Any CPU
		{5BCA650E-66A3-4A38-B443-FBF734D40771}.Debug|Any CPU.Build.0 = Debug|Any CPU
		{5BCA650E-66A3-4A38-B443-FBF734D40771}.Release|Any CPU.ActiveCfg = Release|Any CPU
		{5BCA650E-66A3-4A38-B443-FBF734D40771}.Release|Any CPU.Build.0 = Release|Any CPU
		{C07B6ADC-241D-47CA-8A15-23D275D7DFA8}.Debug|Any CPU.ActiveCfg = Debug|Any CPU
		{C07B6ADC-241D-47CA-8A15-23D275D7DFA8}.Debug|Any CPU.Build.0 = Debug|Any CPU
		{C07B6ADC-241D-47CA-8A15-23D275D7DFA8}.Release|Any CPU.ActiveCfg = Release|Any CPU
		{C07B6ADC-241D-47CA-8A15-23D275D7DFA8}.Release|Any CPU.Build.0 = Release|Any CPU
		{76D9D0B6-E0FC-420E-92B8-D2B67A7640C5}.Debug|Any CPU.ActiveCfg = Debug|Any CPU
		{76D9D0B6-E0FC-420E-92B8-D2B67A7640C5}.Debug|Any CPU.Build.0 = Debug|Any CPU
		{76D9D0B6-E0FC-420E-92B8-D2B67A7640C5}.Release|Any CPU.ActiveCfg = Release|Any CPU
		{76D9D0B6-E0FC-420E-92B8-D2B67A7640C5}.Release|Any CPU.Build.0 = Release|Any CPU
		{44032AE8-E156-4997-86E4-BBA970F44874}.Debug|Any CPU.ActiveCfg = Debug|Any CPU
		{44032AE8-E156-4997-86E4-BBA970F44874}.Debug|Any CPU.Build.0 = Debug|Any CPU
		{44032AE8-E156-4997-86E4-BBA970F44874}.Release|Any CPU.ActiveCfg = Release|Any CPU
		{44032AE8-E156-4997-86E4-BBA970F44874}.Release|Any CPU.Build.0 = Release|Any CPU
		{70194E59-AE79-40AD-BC1D-8EE0990EA392}.Debug|Any CPU.ActiveCfg = Debug|Any CPU
		{70194E59-AE79-40AD-BC1D-8EE0990EA392}.Debug|Any CPU.Build.0 = Debug|Any CPU
		{70194E59-AE79-40AD-BC1D-8EE0990EA392}.Release|Any CPU.ActiveCfg = Release|Any CPU
		{70194E59-AE79-40AD-BC1D-8EE0990EA392}.Release|Any CPU.Build.0 = Release|Any CPU
		{7B71B48A-06F8-41CD-8BBC-890834D93EF1}.Debug|Any CPU.ActiveCfg = Debug|Any CPU
		{7B71B48A-06F8-41CD-8BBC-890834D93EF1}.Debug|Any CPU.Build.0 = Debug|Any CPU
		{7B71B48A-06F8-41CD-8BBC-890834D93EF1}.Release|Any CPU.ActiveCfg = Release|Any CPU
		{7B71B48A-06F8-41CD-8BBC-890834D93EF1}.Release|Any CPU.Build.0 = Release|Any CPU
		{30A41097-542F-4B89-8234-890F6541B94A}.Debug|Any CPU.ActiveCfg = Debug|Any CPU
		{30A41097-542F-4B89-8234-890F6541B94A}.Debug|Any CPU.Build.0 = Debug|Any CPU
		{30A41097-542F-4B89-8234-890F6541B94A}.Release|Any CPU.ActiveCfg = Release|Any CPU
		{30A41097-542F-4B89-8234-890F6541B94A}.Release|Any CPU.Build.0 = Release|Any CPU
		{B6D1961D-C55B-473B-B405-26D50145394B}.Debug|Any CPU.ActiveCfg = Debug|Any CPU
		{B6D1961D-C55B-473B-B405-26D50145394B}.Debug|Any CPU.Build.0 = Debug|Any CPU
		{B6D1961D-C55B-473B-B405-26D50145394B}.Release|Any CPU.ActiveCfg = Release|Any CPU
		{B6D1961D-C55B-473B-B405-26D50145394B}.Release|Any CPU.Build.0 = Release|Any CPU
		{DE5A425B-9A12-4882-A0D9-C3243E4989A7}.Debug|Any CPU.ActiveCfg = Debug|Any CPU
		{DE5A425B-9A12-4882-A0D9-C3243E4989A7}.Debug|Any CPU.Build.0 = Debug|Any CPU
		{DE5A425B-9A12-4882-A0D9-C3243E4989A7}.Release|Any CPU.ActiveCfg = Release|Any CPU
		{DE5A425B-9A12-4882-A0D9-C3243E4989A7}.Release|Any CPU.Build.0 = Release|Any CPU
		{90D0390D-877F-4F43-8690-23AEF5A97449}.Debug|Any CPU.ActiveCfg = Debug|Any CPU
		{90D0390D-877F-4F43-8690-23AEF5A97449}.Debug|Any CPU.Build.0 = Debug|Any CPU
		{90D0390D-877F-4F43-8690-23AEF5A97449}.Release|Any CPU.ActiveCfg = Release|Any CPU
		{90D0390D-877F-4F43-8690-23AEF5A97449}.Release|Any CPU.Build.0 = Release|Any CPU
		{91613992-BE85-4CC1-8507-5133B5902AB3}.Debug|Any CPU.ActiveCfg = Debug|Any CPU
		{91613992-BE85-4CC1-8507-5133B5902AB3}.Debug|Any CPU.Build.0 = Debug|Any CPU
		{91613992-BE85-4CC1-8507-5133B5902AB3}.Release|Any CPU.ActiveCfg = Release|Any CPU
		{91613992-BE85-4CC1-8507-5133B5902AB3}.Release|Any CPU.Build.0 = Release|Any CPU
		{0188FD1B-16E7-4F7E-9095-F65CC4A52515}.Debug|Any CPU.ActiveCfg = Debug|Any CPU
		{0188FD1B-16E7-4F7E-9095-F65CC4A52515}.Debug|Any CPU.Build.0 = Debug|Any CPU
		{0188FD1B-16E7-4F7E-9095-F65CC4A52515}.Release|Any CPU.ActiveCfg = Release|Any CPU
		{0188FD1B-16E7-4F7E-9095-F65CC4A52515}.Release|Any CPU.Build.0 = Release|Any CPU
		{691B81AC-CF77-496C-87CB-D49027397D91}.Debug|Any CPU.ActiveCfg = Debug|Any CPU
		{691B81AC-CF77-496C-87CB-D49027397D91}.Debug|Any CPU.Build.0 = Debug|Any CPU
		{691B81AC-CF77-496C-87CB-D49027397D91}.Release|Any CPU.ActiveCfg = Release|Any CPU
		{691B81AC-CF77-496C-87CB-D49027397D91}.Release|Any CPU.Build.0 = Release|Any CPU
	EndGlobalSection
	GlobalSection(SolutionProperties) = preSolution
		HideSolutionNode = FALSE
	EndGlobalSection
	GlobalSection(NestedProjects) = preSolution
		{8DBF2465-59CA-4133-89B2-B0CA80F49617} = {DE9081E0-566E-495F-ABD4-58C70D3DEE15}
		{0E60A4C5-9316-4DBD-A616-F4E0681C85B3} = {79D5DE7E-628D-4217-8FAF-5BAA7E2D1114}
		{E9389F57-3EF6-45D5-844C-821B2706EB01} = {79D5DE7E-628D-4217-8FAF-5BAA7E2D1114}
		{F0CCC969-1AE5-408C-A491-C962053EF5A0} = {79D5DE7E-628D-4217-8FAF-5BAA7E2D1114}
		{A42C0709-C921-4C82-B4EB-6BABE590DCE0} = {C238044E-D161-4F9B-A534-343B640C2D78}
		{44EBCA07-61E9-4715-AAE8-332746479BCA} = {C238044E-D161-4F9B-A534-343B640C2D78}
		{159E59AB-6AEE-4BAD-8250-EFFE5F4762FF} = {C238044E-D161-4F9B-A534-343B640C2D78}
		{DA11C4AF-1871-442E-A41F-E17A4B753368} = {C238044E-D161-4F9B-A534-343B640C2D78}
		{1D2CF40F-314B-4A62-AB82-518C683FEB25} = {D97E52CA-E6CD-44F6-B89A-0B606F6EF01B}
		{C7108F43-EBEF-4FAB-B365-549D808D0B67} = {D97E52CA-E6CD-44F6-B89A-0B606F6EF01B}
		{68B53299-C6EB-4533-B2BE-7DA609A681EA} = {D97E52CA-E6CD-44F6-B89A-0B606F6EF01B}
		{68C0F620-D25F-4F53-82C4-D6D8BB07C0FB} = {D97E52CA-E6CD-44F6-B89A-0B606F6EF01B}
		{9C55980C-9BE9-44DE-B975-59D2CB8F3399} = {3F81DC3F-09D9-4632-8FE0-F52C3A0DDFCD}
		{C37FB49F-64AD-4889-8B0D-7B65705B27D0} = {3F81DC3F-09D9-4632-8FE0-F52C3A0DDFCD}
		{BC049228-8070-49BC-92C9-C3A44E45E380} = {3F81DC3F-09D9-4632-8FE0-F52C3A0DDFCD}
		{983CB1C5-28E2-4FB1-A148-B2D49A1D0882} = {772CFB2C-5D65-46B0-9748-9519FBBD2CBB}
		{99D99AD2-2D35-4D7D-B58D-8DC38725D131} = {772CFB2C-5D65-46B0-9748-9519FBBD2CBB}
		{C070EF8F-969E-44A2-96F7-73785F56B743} = {772CFB2C-5D65-46B0-9748-9519FBBD2CBB}
		{F1857D19-E773-4ADC-A303-2C7F2F058B93} = {772CFB2C-5D65-46B0-9748-9519FBBD2CBB}
		{45DABA3B-DCBB-4E29-8668-F966EDAD8CCE} = {54F4D04C-BB78-44F8-8B24-3FADBF449DF4}
		{6BD2618C-70B9-41AC-91E1-BF27146D9F67} = {54F4D04C-BB78-44F8-8B24-3FADBF449DF4}
		{F12E18D7-0B38-4225-BF22-7EA0DE40CFBE} = {54F4D04C-BB78-44F8-8B24-3FADBF449DF4}
		{011DD5EC-0D53-40B9-B31C-428BA16DA05E} = {43C98060-3EC9-4329-9DD4-915086F810CC}
		{F11244A4-D86C-42E7-BDAF-DFDC1A9365C5} = {43C98060-3EC9-4329-9DD4-915086F810CC}
		{29893926-5727-4C67-B6FF-72399E370022} = {43C98060-3EC9-4329-9DD4-915086F810CC}
		{1D7F7777-E861-4BB8-AA64-A9E9B93E1156} = {43C98060-3EC9-4329-9DD4-915086F810CC}
		{22DF029B-8F0D-4177-AA25-416C0EDF0E45} = {5B304D58-D562-4411-B0DD-C2679BE518AB}
		{550736A9-022E-4A57-9C8C-8C59B55EB468} = {5B304D58-D562-4411-B0DD-C2679BE518AB}
		{0BC51BE5-220A-4F84-A2A6-090D5ED5E8C4} = {5B304D58-D562-4411-B0DD-C2679BE518AB}
		{0DF52E60-2D8A-4C32-A90F-F20A3128CF94} = {6765A544-DAB7-4719-8A8E-B64106D0D3DD}
		{0A1FE5A4-5AA0-4B67-85ED-AC5D24E7D0D0} = {ED8AD712-7512-424C-A7EE-1F3FCD65F00B}
		{49E151F2-8099-4855-B374-5EE09A24F1A2} = {6765A544-DAB7-4719-8A8E-B64106D0D3DD}
		{25C5FBD5-F5B3-4A42-AEB2-7A042544FDD2} = {6765A544-DAB7-4719-8A8E-B64106D0D3DD}
		{76A140A2-ED30-409E-9E2F-B5278DC4E9FB} = {ED8AD712-7512-424C-A7EE-1F3FCD65F00B}
		{8B908FE9-ECF5-4C3B-875B-11211C81F957} = {ED8AD712-7512-424C-A7EE-1F3FCD65F00B}
		{64168748-BF43-482E-9460-D35395EC354F} = {3F81DC3F-09D9-4632-8FE0-F52C3A0DDFCD}
		{60D6E178-0E10-4446-A925-5DE89F2B6210} = {772CFB2C-5D65-46B0-9748-9519FBBD2CBB}
		{155CB278-7E42-44A4-9345-C4B1A975CD3A} = {5B304D58-D562-4411-B0DD-C2679BE518AB}
		{5DCC0F93-C5D6-43FC-BA4A-77CA90F6CD8F} = {5B304D58-D562-4411-B0DD-C2679BE518AB}
		{6EC2E18E-B002-4FC6-A3FD-D2BA15F8956D} = {99E36684-3547-45D9-951C-4D5C7AE90192}
		{0125628C-B4EE-4119-9E2C-D898044CC4F9} = {99E36684-3547-45D9-951C-4D5C7AE90192}
		{DEE73B95-4BA4-4C1A-AEA8-EC68228C45FC} = {DE2DC87E-2856-4C4F-B387-4D9808CED8DD}
		{B08420C6-9A21-4894-A355-018836F548F9} = {DE2DC87E-2856-4C4F-B387-4D9808CED8DD}
		{F5FAD546-9B06-4B8F-9D23-E125B7B8B2BC} = {DE2DC87E-2856-4C4F-B387-4D9808CED8DD}
		{5BCA650E-66A3-4A38-B443-FBF734D40771} = {DE2DC87E-2856-4C4F-B387-4D9808CED8DD}
		{C07B6ADC-241D-47CA-8A15-23D275D7DFA8} = {C76CE713-1126-448F-A73E-CD8A9BE5A510}
		{76D9D0B6-E0FC-420E-92B8-D2B67A7640C5} = {DE9081E0-566E-495F-ABD4-58C70D3DEE15}
		{44032AE8-E156-4997-86E4-BBA970F44874} = {0622D8E6-6318-4EDD-9874-7078B200CAB2}
		{70194E59-AE79-40AD-BC1D-8EE0990EA392} = {0622D8E6-6318-4EDD-9874-7078B200CAB2}
		{7B71B48A-06F8-41CD-8BBC-890834D93EF1} = {3B64F771-4FA2-4D11-9142-9223E29940FF}
		{30A41097-542F-4B89-8234-890F6541B94A} = {99E36684-3547-45D9-951C-4D5C7AE90192}
		{B6D1961D-C55B-473B-B405-26D50145394B} = {CCA75733-238F-4AB2-9BCD-B680B99059E5}
		{DE5A425B-9A12-4882-A0D9-C3243E4989A7} = {CCA75733-238F-4AB2-9BCD-B680B99059E5}
		{90D0390D-877F-4F43-8690-23AEF5A97449} = {CCA75733-238F-4AB2-9BCD-B680B99059E5}
		{91613992-BE85-4CC1-8507-5133B5902AB3} = {DE2DC87E-2856-4C4F-B387-4D9808CED8DD}
		{0188FD1B-16E7-4F7E-9095-F65CC4A52515} = {3B64F771-4FA2-4D11-9142-9223E29940FF}
		{691B81AC-CF77-496C-87CB-D49027397D91} = {3B64F771-4FA2-4D11-9142-9223E29940FF}
	EndGlobalSection
	GlobalSection(ExtensibilityGlobals) = postSolution
		SolutionGuid = {73F6F1B5-1A1E-4B7E-98E5-69D31E75AD58}
	EndGlobalSection
EndGlobal
